{
  "name": "@bibletags/bibletags-usfm",
  "version": "2.3.0",
  "lockfileVersion": 2,
  "requires": true,
  "packages": {
    "": {
      "name": "@bibletags/bibletags-usfm",
      "version": "2.3.0",
      "license": "CC BY-SA",
      "funding": {
        "type": "individual",
        "url": "https://gofundme.com/f/yarn4-bible-tags"
      }
    }
  }
}
